
Microsoft Visual Studio Solution File, Format Version 12.00
# Visual Studio Version 16
VisualStudioVersion = 16.0.31624.102
MinimumVisualStudioVersion = 10.0.40219.1
Project("{FAE04EC0-301F-11D3-BF4B-00C04F79EFBC}") = "21_List", "21_List\21_List.csproj", "{B975FC6A-FEA4-498D-BD4F-60F35F518762}"
EndProject
Global
	GlobalSection(SolutionConfigurationPlatforms) = preSolution
		Debug|Any CPU = Debug|Any CPU
		Release|Any CPU = Release|Any CPU
	EndGlobalSection
	GlobalSection(ProjectConfigurationPlatforms) = postSolution
		{B975FC6A-FEA4-498D-BD4F-60F35F518762}.Debug|Any CPU.ActiveCfg = Debug|Any CPU
		{B975FC6A-FEA4-498D-BD4F-60F35F518762}.Debug|Any CPU.Build.0 = Debug|Any CPU
		{B975FC6A-FEA4-498D-BD4F-60F35F518762}.Release|Any CPU.ActiveCfg = Release|Any CPU
		{B975FC6A-FEA4-498D-BD4F-60F35F518762}.Release|Any CPU.Build.0 = Release|Any CPU
	EndGlobalSection
	GlobalSection(SolutionProperties) = preSolution
		HideSolutionNode = FALSE
	EndGlobalSection
	GlobalSection(ExtensibilityGlobals) = postSolution
		SolutionGuid = {D16D120E-5944-4197-967A-8F1A5B428AF2}
	EndGlobalSection
EndGlobal
