
Microsoft Visual Studio Solution File, Format Version 12.00
# Visual Studio Version 16
VisualStudioVersion = 16.0.31624.102
MinimumVisualStudioVersion = 10.0.40219.1
Project("{2150E333-8FDC-42A3-9474-1A3956D46DE8}") = "Common", "Common", "{F10CAAB8-D537-49FA-808D-1ED0C039FC7F}"
EndProject
Project("{2150E333-8FDC-42A3-9474-1A3956D46DE8}") = "BusinessLogicLayer", "BusinessLogicLayer", "{B53965B0-20BA-4264-9873-64D393E59253}"
EndProject
Project("{2150E333-8FDC-42A3-9474-1A3956D46DE8}") = "DataAccessLayer", "DataAccessLayer", "{FBCF994E-3A68-47C1-96F5-EBF326BA3E3E}"
EndProject
Project("{2150E333-8FDC-42A3-9474-1A3956D46DE8}") = "PresentationLayer", "PresentationLayer", "{7EAE3379-8E05-4707-9976-6F73D754D7FB}"
EndProject
Project("{9A19103F-16F7-4668-BE54-9A1E7A4F7556}") = "Note.Model", "Note.Model\Note.Model.csproj", "{2F304E01-3C86-4424-822D-0CE8E6F8B210}"
EndProject
Project("{9A19103F-16F7-4668-BE54-9A1E7A4F7556}") = "Note.IDAL", "Note.IDAL\Note.IDAL.csproj", "{CE831CDF-6C32-424C-A4EE-7E61936371DD}"
EndProject
Project("{9A19103F-16F7-4668-BE54-9A1E7A4F7556}") = "Note.DAL", "Note.DAL\Note.DAL.csproj", "{1634552E-6D1B-4968-807F-F0183F3F4E93}"
EndProject
Project("{9A19103F-16F7-4668-BE54-9A1E7A4F7556}") = "Note.BLL", "Note.BLL\Note.BLL.csproj", "{02777B07-EF61-4E37-A349-147001017F09}"
EndProject
Project("{9A19103F-16F7-4668-BE54-9A1E7A4F7556}") = "Note.MVC6", "Note.MVC6\Note.MVC6.csproj", "{57E56734-7A2B-4928-841B-2ADC44B3F0A6}"
EndProject
Project("{FAE04EC0-301F-11D3-BF4B-00C04F79EFBC}") = "Note.ViewModel", "Note.ViewModel\Note.ViewModel.csproj", "{9A376BFA-F543-4DB8-8A54-AFEF52F8F40A}"
EndProject
Global
	GlobalSection(SolutionConfigurationPlatforms) = preSolution
		Debug|Any CPU = Debug|Any CPU
		Release|Any CPU = Release|Any CPU
	EndGlobalSection
	GlobalSection(ProjectConfigurationPlatforms) = postSolution
		{2F304E01-3C86-4424-822D-0CE8E6F8B210}.Debug|Any CPU.ActiveCfg = Debug|Any CPU
		{2F304E01-3C86-4424-822D-0CE8E6F8B210}.Debug|Any CPU.Build.0 = Debug|Any CPU
		{2F304E01-3C86-4424-822D-0CE8E6F8B210}.Release|Any CPU.ActiveCfg = Release|Any CPU
		{2F304E01-3C86-4424-822D-0CE8E6F8B210}.Release|Any CPU.Build.0 = Release|Any CPU
		{CE831CDF-6C32-424C-A4EE-7E61936371DD}.Debug|Any CPU.ActiveCfg = Debug|Any CPU
		{CE831CDF-6C32-424C-A4EE-7E61936371DD}.Debug|Any CPU.Build.0 = Debug|Any CPU
		{CE831CDF-6C32-424C-A4EE-7E61936371DD}.Release|Any CPU.ActiveCfg = Release|Any CPU
		{CE831CDF-6C32-424C-A4EE-7E61936371DD}.Release|Any CPU.Build.0 = Release|Any CPU
		{1634552E-6D1B-4968-807F-F0183F3F4E93}.Debug|Any CPU.ActiveCfg = Debug|Any CPU
		{1634552E-6D1B-4968-807F-F0183F3F4E93}.Debug|Any CPU.Build.0 = Debug|Any CPU
		{1634552E-6D1B-4968-807F-F0183F3F4E93}.Release|Any CPU.ActiveCfg = Release|Any CPU
		{1634552E-6D1B-4968-807F-F0183F3F4E93}.Release|Any CPU.Build.0 = Release|Any CPU
		{02777B07-EF61-4E37-A349-147001017F09}.Debug|Any CPU.ActiveCfg = Debug|Any CPU
		{02777B07-EF61-4E37-A349-147001017F09}.Debug|Any CPU.Build.0 = Debug|Any CPU
		{02777B07-EF61-4E37-A349-147001017F09}.Release|Any CPU.ActiveCfg = Release|Any CPU
		{02777B07-EF61-4E37-A349-147001017F09}.Release|Any CPU.Build.0 = Release|Any CPU
		{57E56734-7A2B-4928-841B-2ADC44B3F0A6}.Debug|Any CPU.ActiveCfg = Debug|Any CPU
		{57E56734-7A2B-4928-841B-2ADC44B3F0A6}.Debug|Any CPU.Build.0 = Debug|Any CPU
		{57E56734-7A2B-4928-841B-2ADC44B3F0A6}.Release|Any CPU.ActiveCfg = Release|Any CPU
		{57E56734-7A2B-4928-841B-2ADC44B3F0A6}.Release|Any CPU.Build.0 = Release|Any CPU
		{9A376BFA-F543-4DB8-8A54-AFEF52F8F40A}.Debug|Any CPU.ActiveCfg = Debug|Any CPU
		{9A376BFA-F543-4DB8-8A54-AFEF52F8F40A}.Debug|Any CPU.Build.0 = Debug|Any CPU
		{9A376BFA-F543-4DB8-8A54-AFEF52F8F40A}.Release|Any CPU.ActiveCfg = Release|Any CPU
		{9A376BFA-F543-4DB8-8A54-AFEF52F8F40A}.Release|Any CPU.Build.0 = Release|Any CPU
	EndGlobalSection
	GlobalSection(SolutionProperties) = preSolution
		HideSolutionNode = FALSE
	EndGlobalSection
	GlobalSection(NestedProjects) = preSolution
		{2F304E01-3C86-4424-822D-0CE8E6F8B210} = {F10CAAB8-D537-49FA-808D-1ED0C039FC7F}
		{CE831CDF-6C32-424C-A4EE-7E61936371DD} = {FBCF994E-3A68-47C1-96F5-EBF326BA3E3E}
		{1634552E-6D1B-4968-807F-F0183F3F4E93} = {FBCF994E-3A68-47C1-96F5-EBF326BA3E3E}
		{02777B07-EF61-4E37-A349-147001017F09} = {B53965B0-20BA-4264-9873-64D393E59253}
		{57E56734-7A2B-4928-841B-2ADC44B3F0A6} = {7EAE3379-8E05-4707-9976-6F73D754D7FB}
		{9A376BFA-F543-4DB8-8A54-AFEF52F8F40A} = {F10CAAB8-D537-49FA-808D-1ED0C039FC7F}
	EndGlobalSection
	GlobalSection(ExtensibilityGlobals) = postSolution
		SolutionGuid = {732C92B6-D245-478C-BD0E-70D0A71663EA}
	EndGlobalSection
EndGlobal
